
Microsoft Visual Studio Solution File, Format Version 12.00
# Visual Studio Version 16
VisualStudioVersion = 25.0.1706.9
MinimumVisualStudioVersion = 10.0.40219.1
Project("{FAE04EC0-301F-11D3-BF4B-00C04F79EFBC}") = "TrappingRainWater", "TrappingRainWater.csproj", "{E71E3E55-FA65-48DC-892A-C37F9CF64AC1}"
EndProject
Global
	GlobalSection(SolutionConfigurationPlatforms) = preSolution
		Debug|Any CPU = Debug|Any CPU
		Release|Any CPU = Release|Any CPU
	EndGlobalSection
	GlobalSection(ProjectConfigurationPlatforms) = postSolution
		{E71E3E55-FA65-48DC-892A-C37F9CF64AC1}.Debug|Any CPU.ActiveCfg = Debug|Any CPU
		{E71E3E55-FA65-48DC-892A-C37F9CF64AC1}.Debug|Any CPU.Build.0 = Debug|Any CPU
		{E71E3E55-FA65-48DC-892A-C37F9CF64AC1}.Release|Any CPU.ActiveCfg = Release|Any CPU
		{E71E3E55-FA65-48DC-892A-C37F9CF64AC1}.Release|Any CPU.Build.0 = Release|Any CPU
	EndGlobalSection
	GlobalSection(SolutionProperties) = preSolution
		HideSolutionNode = FALSE
	EndGlobalSection
	GlobalSection(ExtensibilityGlobals) = postSolution
		SolutionGuid = {CDF17382-06A1-4F34-B1E8-A16935BA507D}
	EndGlobalSection
EndGlobal
